
Microsoft Visual Studio Solution File, Format Version 12.00
# Visual Studio 15
VisualStudioVersion = 15.0.27703.2042
MinimumVisualStudioVersion = 10.0.40219.1
Project("{FAE04EC0-301F-11D3-BF4B-00C04F79EFBC}") = "GVC", "GVC\GVC.csproj", "{D1003DC6-5564-4C21-A486-64696E087D58}"
EndProject
Global
	GlobalSection(SolutionConfigurationPlatforms) = preSolution
		Debug|Any CPU = Debug|Any CPU
		Release|Any CPU = Release|Any CPU
	EndGlobalSection
	GlobalSection(ProjectConfigurationPlatforms) = postSolution
		{D1003DC6-5564-4C21-A486-64696E087D58}.Debug|Any CPU.ActiveCfg = Debug|Any CPU
		{D1003DC6-5564-4C21-A486-64696E087D58}.Debug|Any CPU.Build.0 = Debug|Any CPU
		{D1003DC6-5564-4C21-A486-64696E087D58}.Release|Any CPU.ActiveCfg = Release|Any CPU
		{D1003DC6-5564-4C21-A486-64696E087D58}.Release|Any CPU.Build.0 = Release|Any CPU
	EndGlobalSection
	GlobalSection(SolutionProperties) = preSolution
		HideSolutionNode = FALSE
	EndGlobalSection
	GlobalSection(ExtensibilityGlobals) = postSolution
		SolutionGuid = {456EDC2E-677F-4DE8-965C-E23DB33F7054}
	EndGlobalSection
EndGlobal
